
Microsoft Visual Studio Solution File, Format Version 12.00
# Visual Studio Version 16
VisualStudioVersion = 25.0.1706.0
MinimumVisualStudioVersion = 10.0.40219.1
Project("{FAE04EC0-301F-11D3-BF4B-00C04F79EFBC}") = "StreamingApp.Android", "StreamingApp\StreamingApp.Android\StreamingApp.Android.csproj", "{6195930D-4233-4EB5-925E-C6B0D1864230}"
EndProject
Project("{FAE04EC0-301F-11D3-BF4B-00C04F79EFBC}") = "StreamingApp.iOS", "StreamingApp\StreamingApp.iOS\StreamingApp.iOS.csproj", "{AB16D04C-5BAF-4642-98E7-F351354ED43B}"
EndProject
Project("{FAE04EC0-301F-11D3-BF4B-00C04F79EFBC}") = "StreamingApp", "StreamingApp\StreamingApp\StreamingApp.csproj", "{9284738A-12A0-4BEF-86E8-998E0C948243}"
EndProject
Global
	GlobalSection(SolutionConfigurationPlatforms) = preSolution
		Debug|Any CPU = Debug|Any CPU
		Release|Any CPU = Release|Any CPU
		Debug|iPhoneSimulator = Debug|iPhoneSimulator
		Release|iPhoneSimulator = Release|iPhoneSimulator
		Debug|iPhone = Debug|iPhone
		Release|iPhone = Release|iPhone
	EndGlobalSection
	GlobalSection(ProjectConfigurationPlatforms) = postSolution
		{6195930D-4233-4EB5-925E-C6B0D1864230}.Debug|Any CPU.ActiveCfg = Debug|Any CPU
		{6195930D-4233-4EB5-925E-C6B0D1864230}.Debug|Any CPU.Build.0 = Debug|Any CPU
		{6195930D-4233-4EB5-925E-C6B0D1864230}.Release|Any CPU.ActiveCfg = Release|Any CPU
		{6195930D-4233-4EB5-925E-C6B0D1864230}.Release|Any CPU.Build.0 = Release|Any CPU
		{6195930D-4233-4EB5-925E-C6B0D1864230}.Debug|iPhoneSimulator.ActiveCfg = Debug|Any CPU
		{6195930D-4233-4EB5-925E-C6B0D1864230}.Debug|iPhoneSimulator.Build.0 = Debug|Any CPU
		{6195930D-4233-4EB5-925E-C6B0D1864230}.Release|iPhoneSimulator.ActiveCfg = Release|Any CPU
		{6195930D-4233-4EB5-925E-C6B0D1864230}.Release|iPhoneSimulator.Build.0 = Release|Any CPU
		{6195930D-4233-4EB5-925E-C6B0D1864230}.Debug|iPhone.ActiveCfg = Debug|Any CPU
		{6195930D-4233-4EB5-925E-C6B0D1864230}.Debug|iPhone.Build.0 = Debug|Any CPU
		{6195930D-4233-4EB5-925E-C6B0D1864230}.Release|iPhone.ActiveCfg = Release|Any CPU
		{6195930D-4233-4EB5-925E-C6B0D1864230}.Release|iPhone.Build.0 = Release|Any CPU
		{AB16D04C-5BAF-4642-98E7-F351354ED43B}.Debug|Any CPU.ActiveCfg = Debug|iPhoneSimulator
		{AB16D04C-5BAF-4642-98E7-F351354ED43B}.Debug|Any CPU.Build.0 = Debug|iPhoneSimulator
		{AB16D04C-5BAF-4642-98E7-F351354ED43B}.Release|Any CPU.ActiveCfg = Release|iPhoneSimulator
		{AB16D04C-5BAF-4642-98E7-F351354ED43B}.Release|Any CPU.Build.0 = Release|iPhoneSimulator
		{AB16D04C-5BAF-4642-98E7-F351354ED43B}.Debug|iPhoneSimulator.ActiveCfg = Debug|iPhoneSimulator
		{AB16D04C-5BAF-4642-98E7-F351354ED43B}.Debug|iPhoneSimulator.Build.0 = Debug|iPhoneSimulator
		{AB16D04C-5BAF-4642-98E7-F351354ED43B}.Release|iPhoneSimulator.ActiveCfg = Release|iPhoneSimulator
		{AB16D04C-5BAF-4642-98E7-F351354ED43B}.Release|iPhoneSimulator.Build.0 = Release|iPhoneSimulator
		{AB16D04C-5BAF-4642-98E7-F351354ED43B}.Debug|iPhone.ActiveCfg = Debug|iPhone
		{AB16D04C-5BAF-4642-98E7-F351354ED43B}.Debug|iPhone.Build.0 = Debug|iPhone
		{AB16D04C-5BAF-4642-98E7-F351354ED43B}.Release|iPhone.ActiveCfg = Release|iPhone
		{AB16D04C-5BAF-4642-98E7-F351354ED43B}.Release|iPhone.Build.0 = Release|iPhone
		{9284738A-12A0-4BEF-86E8-998E0C948243}.Debug|Any CPU.ActiveCfg = Debug|Any CPU
		{9284738A-12A0-4BEF-86E8-998E0C948243}.Debug|Any CPU.Build.0 = Debug|Any CPU
		{9284738A-12A0-4BEF-86E8-998E0C948243}.Release|Any CPU.ActiveCfg = Release|Any CPU
		{9284738A-12A0-4BEF-86E8-998E0C948243}.Release|Any CPU.Build.0 = Release|Any CPU
		{9284738A-12A0-4BEF-86E8-998E0C948243}.Debug|iPhoneSimulator.ActiveCfg = Debug|Any CPU
		{9284738A-12A0-4BEF-86E8-998E0C948243}.Debug|iPhoneSimulator.Build.0 = Debug|Any CPU
		{9284738A-12A0-4BEF-86E8-998E0C948243}.Release|iPhoneSimulator.ActiveCfg = Release|Any CPU
		{9284738A-12A0-4BEF-86E8-998E0C948243}.Release|iPhoneSimulator.Build.0 = Release|Any CPU
		{9284738A-12A0-4BEF-86E8-998E0C948243}.Debug|iPhone.ActiveCfg = Debug|Any CPU
		{9284738A-12A0-4BEF-86E8-998E0C948243}.Debug|iPhone.Build.0 = Debug|Any CPU
		{9284738A-12A0-4BEF-86E8-998E0C948243}.Release|iPhone.ActiveCfg = Release|Any CPU
		{9284738A-12A0-4BEF-86E8-998E0C948243}.Release|iPhone.Build.0 = Release|Any CPU
	EndGlobalSection
	GlobalSection(SolutionProperties) = preSolution
		HideSolutionNode = FALSE
	EndGlobalSection
	GlobalSection(ExtensibilityGlobals) = postSolution
		SolutionGuid = {151C7750-9AB7-49BF-9FCC-ADCFFC39B966}
	EndGlobalSection
EndGlobal
